
Microsoft Visual Studio Solution File, Format Version 12.00
# Visual Studio 15
VisualStudioVersion = 15.0.27703.2042
MinimumVisualStudioVersion = 10.0.40219.1
Project("{FAE04EC0-301F-11D3-BF4B-00C04F79EFBC}") = "PatientRegistration", "PatientRegistration\PatientRegistration.csproj", "{553BFEE4-4E1C-45CD-BB4E-512B168D2B8F}"
EndProject
Global
	GlobalSection(SolutionConfigurationPlatforms) = preSolution
		Debug|Any CPU = Debug|Any CPU
		Release|Any CPU = Release|Any CPU
	EndGlobalSection
	GlobalSection(ProjectConfigurationPlatforms) = postSolution
		{553BFEE4-4E1C-45CD-BB4E-512B168D2B8F}.Debug|Any CPU.ActiveCfg = Debug|Any CPU
		{553BFEE4-4E1C-45CD-BB4E-512B168D2B8F}.Debug|Any CPU.Build.0 = Debug|Any CPU
		{553BFEE4-4E1C-45CD-BB4E-512B168D2B8F}.Release|Any CPU.ActiveCfg = Release|Any CPU
		{553BFEE4-4E1C-45CD-BB4E-512B168D2B8F}.Release|Any CPU.Build.0 = Release|Any CPU
	EndGlobalSection
	GlobalSection(SolutionProperties) = preSolution
		HideSolutionNode = FALSE
	EndGlobalSection
	GlobalSection(ExtensibilityGlobals) = postSolution
		SolutionGuid = {8B53A176-7763-44CB-A388-24E1910D9E66}
	EndGlobalSection
EndGlobal
